// !$*UTF8*$!
{
	archiveVersion = 1;
	classes = {
	};
	objectVersion = 46;
	objects = {

/* Begin PBXBuildFile section */
		CE650A7D18EDEDED005C461A /* Foundation.framework in Frameworks */ = {isa = PBXBuildFile; fileRef = CE650A7C18EDEDED005C461A /* Foundation.framework */; };
		CE650A7F18EDEDED005C461A /* CoreGraphics.framework in Frameworks */ = {isa = PBXBuildFile; fileRef = CE650A7E18EDEDED005C461A /* CoreGraphics.framework */; };
		CE650A8118EDEDED005C461A /* UIKit.framework in Frameworks */ = {isa = PBXBuildFile; fileRef = CE650A8018EDEDED005C461A /* UIKit.framework */; };
		CE650A8718EDEDED005C461A /* InfoPlist.strings in Resources */ = {isa = PBXBuildFile; fileRef = CE650A8518EDEDED005C461A /* InfoPlist.strings */; };
		CE650A8918EDEDED005C461A /* main.m in Sources */ = {isa = PBXBuildFile; fileRef = CE650A8818EDEDED005C461A /* main.m */; };
		CE650A8D18EDEDED005C461A /* AppDelegate.m in Sources */ = {isa = PBXBuildFile; fileRef = CE650A8C18EDEDED005C461A /* AppDelegate.m */; };
		CE650A9018EDEDED005C461A /* Main_iPhone.storyboard in Resources */ = {isa = PBXBuildFile; fileRef = CE650A8E18EDEDED005C461A /* Main_iPhone.storyboard */; };
		CE650A9318EDEDED005C461A /* Main_iPad.storyboard in Resources */ = {isa = PBXBuildFile; fileRef = CE650A9118EDEDED005C461A /* Main_iPad.storyboard */; };
		CE650A9618EDEDED005C461A /* ViewController.m in Sources */ = {isa = PBXBuildFile; fileRef = CE650A9518EDEDED005C461A /* ViewController.m */; };
		CE650A9818EDEDED005C461A /* Images.xcassets in Resources */ = {isa = PBXBuildFile; fileRef = CE650A9718EDEDED005C461A /* Images.xcassets */; };
		CE650A9F18EDEDED005C461A /* XCTest.framework in Frameworks */ = {isa = PBXBuildFile; fileRef = CE650A9E18EDEDED005C461A /* XCTest.framework */; };
		CE650AA018EDEDED005C461A /* Foundation.framework in Frameworks */ = {isa = PBXBuildFile; fileRef = CE650A7C18EDEDED005C461A /* Foundation.framework */; };
		CE650AA118EDEDED005C461A /* UIKit.framework in Frameworks */ = {isa = PBXBuildFile; fileRef = CE650A8018EDEDED005C461A /* UIKit.framework */; };
		CE650AA918EDEDED005C461A /* InfoPlist.strings in Resources */ = {isa = PBXBuildFile; fileRef = CE650AA718EDEDED005C461A /* InfoPlist.strings */; };
		CE650AAB18EDEDED005C461A /* CLSLocationManagerTests.m in Sources */ = {isa = PBXBuildFile; fileRef = CE650AAA18EDEDED005C461A /* CLSLocationManagerTests.m */; };
/* End PBXBuildFile section */

/* Begin PBXContainerItemProxy section */
		CE650AA218EDEDED005C461A /* PBXContainerItemProxy */ = {
			isa = PBXContainerItemProxy;
			containerPortal = CE650A7118EDEDEC005C461A /* Project object */;
			proxyType = 1;
			remoteGlobalIDString = CE650A7818EDEDED005C461A;
			remoteInfo = CLSLocationManager;
		};
/* End PBXContainerItemProxy section */

/* Begin PBXFileReference section */
		CE650A7918EDEDED005C461A /* CLSLocationManager.app */ = {isa = PBXFileReference; explicitFileType = wrapper.application; includeInIndex = 0; path = CLSLocationManager.app; sourceTree = BUILT_PRODUCTS_DIR; };
		CE650A7C18EDEDED005C461A /* Foundation.framework */ = {isa = PBXFileReference; lastKnownFileType = wrapper.framework; name = Foundation.framework; path = System/Library/Frameworks/Foundation.framework; sourceTree = SDKROOT; };
		CE650A7E18EDEDED005C461A /* CoreGraphics.framework */ = {isa = PBXFileReference; lastKnownFileType = wrapper.framework; name = CoreGraphics.framework; path = System/Library/Frameworks/CoreGraphics.framework; sourceTree = SDKROOT; };
		CE650A8018EDEDED005C461A /* UIKit.framework */ = {isa = PBXFileReference; lastKnownFileType = wrapper.framework; name = UIKit.framework; path = System/Library/Frameworks/UIKit.framework; sourceTree = SDKROOT; };
		CE650A8418EDEDED005C461A /* CLSLocationManager-Info.plist */ = {isa = PBXFileReference; lastKnownFileType = text.plist.xml; path = "CLSLocationManager-Info.plist"; sourceTree = "<group>"; };
		CE650A8618EDEDED005C461A /* en */ = {isa = PBXFileReference; lastKnownFileType = text.plist.strings; name = en; path = en.lproj/InfoPlist.strings; sourceTree = "<group>"; };
		CE650A8818EDEDED005C461A /* main.m */ = {isa = PBXFileReference; lastKnownFileType = sourcecode.c.objc; path = main.m; sourceTree = "<group>"; };
		CE650A8A18EDEDED005C461A /* CLSLocationManager-Prefix.pch */ = {isa = PBXFileReference; lastKnownFileType = sourcecode.c.h; path = "CLSLocationManager-Prefix.pch"; sourceTree = "<group>"; };
		CE650A8B18EDEDED005C461A /* AppDelegate.h */ = {isa = PBXFileReference; lastKnownFileType = sourcecode.c.h; path = AppDelegate.h; sourceTree = "<group>"; };
		CE650A8C18EDEDED005C461A /* AppDelegate.m */ = {isa = PBXFileReference; lastKnownFileType = sourcecode.c.objc; path = AppDelegate.m; sourceTree = "<group>"; };
		CE650A8F18EDEDED005C461A /* Base */ = {isa = PBXFileReference; lastKnownFileType = file.storyboard; name = Base; path = Base.lproj/Main_iPhone.storyboard; sourceTree = "<group>"; };
		CE650A9218EDEDED005C461A /* Base */ = {isa = PBXFileReference; lastKnownFileType = file.storyboard; name = Base; path = Base.lproj/Main_iPad.storyboard; sourceTree = "<group>"; };
		CE650A9418EDEDED005C461A /* ViewController.h */ = {isa = PBXFileReference; lastKnownFileType = sourcecode.c.h; path = ViewController.h; sourceTree = "<group>"; };
		CE650A9518EDEDED005C461A /* ViewController.m */ = {isa = PBXFileReference; lastKnownFileType = sourcecode.c.objc; path = ViewController.m; sourceTree = "<group>"; };
		CE650A9718EDEDED005C461A /* Images.xcassets */ = {isa = PBXFileReference; lastKnownFileType = folder.assetcatalog; path = Images.xcassets; sourceTree = "<group>"; };
		CE650A9D18EDEDED005C461A /* CLSLocationManagerTests.xctest */ = {isa = PBXFileReference; explicitFileType = wrapper.cfbundle; includeInIndex = 0; path = CLSLocationManagerTests.xctest; sourceTree = BUILT_PRODUCTS_DIR; };
		CE650A9E18EDEDED005C461A /* XCTest.framework */ = {isa = PBXFileReference; lastKnownFileType = wrapper.framework; name = XCTest.framework; path = Library/Frameworks/XCTest.framework; sourceTree = DEVELOPER_DIR; };
		CE650AA618EDEDED005C461A /* CLSLocationManagerTests-Info.plist */ = {isa = PBXFileReference; lastKnownFileType = text.plist.xml; path = "CLSLocationManagerTests-Info.plist"; sourceTree = "<group>"; };
		CE650AA818EDEDED005C461A /* en */ = {isa = PBXFileReference; lastKnownFileType = text.plist.strings; name = en; path = en.lproj/InfoPlist.strings; sourceTree = "<group>"; };
		CE650AAA18EDEDED005C461A /* CLSLocationManagerTests.m */ = {isa = PBXFileReference; lastKnownFileType = sourcecode.c.objc; path = CLSLocationManagerTests.m; sourceTree = "<group>"; };
/* End PBXFileReference section */

/* Begin PBXFrameworksBuildPhase section */
		CE650A7618EDEDED005C461A /* Frameworks */ = {
			isa = PBXFrameworksBuildPhase;
			buildActionMask = 2147483647;
			files = (
				CE650A7F18EDEDED005C461A /* CoreGraphics.framework in Frameworks */,
				CE650A8118EDEDED005C461A /* UIKit.framework in Frameworks */,
				CE650A7D18EDEDED005C461A /* Foundation.framework in Frameworks */,
			);
			runOnlyForDeploymentPostprocessing = 0;
		};
		CE650A9A18EDEDED005C461A /* Frameworks */ = {
			isa = PBXFrameworksBuildPhase;
			buildActionMask = 2147483647;
			files = (
				CE650A9F18EDEDED005C461A /* XCTest.framework in Frameworks */,
				CE650AA118EDEDED005C461A /* UIKit.framework in Frameworks */,
				CE650AA018EDEDED005C461A /* Foundation.framework in Frameworks */,
			);
			runOnlyForDeploymentPostprocessing = 0;
		};
/* End PBXFrameworksBuildPhase section */

/* Begin PBXGroup section */
		CE650A7018EDEDEC005C461A = {
			isa = PBXGroup;
			children = (
				CE650A8218EDEDED005C461A /* CLSLocationManager */,
				CE650AA418EDEDED005C461A /* CLSLocationManagerTests */,
				CE650A7B18EDEDED005C461A /* Frameworks */,
				CE650A7A18EDEDED005C461A /* Products */,
			);
			sourceTree = "<group>";
		};
		CE650A7A18EDEDED005C461A /* Products */ = {
			isa = PBXGroup;
			children = (
				CE650A7918EDEDED005C461A /* CLSLocationManager.app */,
				CE650A9D18EDEDED005C461A /* CLSLocationManagerTests.xctest */,
			);
			name = Products;
			sourceTree = "<group>";
		};
		CE650A7B18EDEDED005C461A /* Frameworks */ = {
			isa = PBXGroup;
			children = (
				CE650A7C18EDEDED005C461A /* Foundation.framework */,
				CE650A7E18EDEDED005C461A /* CoreGraphics.framework */,
				CE650A8018EDEDED005C461A /* UIKit.framework */,
				CE650A9E18EDEDED005C461A /* XCTest.framework */,
			);
			name = Frameworks;
			sourceTree = "<group>";
		};
		CE650A8218EDEDED005C461A /* CLSLocationManager */ = {
			isa = PBXGroup;
			children = (
				CE650A8B18EDEDED005C461A /* AppDelegate.h */,
				CE650A8C18EDEDED005C461A /* AppDelegate.m */,
				CE650A8E18EDEDED005C461A /* Main_iPhone.storyboard */,
				CE650A9118EDEDED005C461A /* Main_iPad.storyboard */,
				CE650A9418EDEDED005C461A /* ViewController.h */,
				CE650A9518EDEDED005C461A /* ViewController.m */,
				CE650A9718EDEDED005C461A /* Images.xcassets */,
				CE650A8318EDEDED005C461A /* Supporting Files */,
			);
			path = CLSLocationManager;
			sourceTree = "<group>";
		};
		CE650A8318EDEDED005C461A /* Supporting Files */ = {
			isa = PBXGroup;
			children = (
				CE650A8418EDEDED005C461A /* CLSLocationManager-Info.plist */,
				CE650A8518EDEDED005C461A /* InfoPlist.strings */,
				CE650A8818EDEDED005C461A /* main.m */,
				CE650A8A18EDEDED005C461A /* CLSLocationManager-Prefix.pch */,
			);
			name = "Supporting Files";
			sourceTree = "<group>";
		};
		CE650AA418EDEDED005C461A /* CLSLocationManagerTests */ = {
			isa = PBXGroup;
			children = (
				CE650AAA18EDEDED005C461A /* CLSLocationManagerTests.m */,
				CE650AA518EDEDED005C461A /* Supporting Files */,
			);
			path = CLSLocationManagerTests;
			sourceTree = "<group>";
		};
		CE650AA518EDEDED005C461A /* Supporting Files */ = {
			isa = PBXGroup;
			children = (
				CE650AA618EDEDED005C461A /* CLSLocationManagerTests-Info.plist */,
				CE650AA718EDEDED005C461A /* InfoPlist.strings */,
			);
			name = "Supporting Files";
			sourceTree = "<group>";
		};
/* End PBXGroup section */

/* Begin PBXNativeTarget section */
		CE650A7818EDEDED005C461A /* CLSLocationManager */ = {
			isa = PBXNativeTarget;
			buildConfigurationList = CE650AAE18EDEDEE005C461A /* Build configuration list for PBXNativeTarget "CLSLocationManager" */;
			buildPhases = (
				CE650A7518EDEDED005C461A /* Sources */,
				CE650A7618EDEDED005C461A /* Frameworks */,
				CE650A7718EDEDED005C461A /* Resources */,
			);
			buildRules = (
			);
			dependencies = (
			);
			name = CLSLocationManager;
			productName = CLSLocationManager;
			productReference = CE650A7918EDEDED005C461A /* CLSLocationManager.app */;
			productType = "com.apple.product-type.application";
		};
		CE650A9C18EDEDED005C461A /* CLSLocationManagerTests */ = {
			isa = PBXNativeTarget;
			buildConfigurationList = CE650AB118EDEDEE005C461A /* Build configuration list for PBXNativeTarget "CLSLocationManagerTests" */;
			buildPhases = (
				CE650A9918EDEDED005C461A /* Sources */,
				CE650A9A18EDEDED005C461A /* Frameworks */,
				CE650A9B18EDEDED005C461A /* Resources */,
			);
			buildRules = (
			);
			dependencies = (
				CE650AA318EDEDED005C461A /* PBXTargetDependency */,
			);
			name = CLSLocationManagerTests;
			productName = CLSLocationManagerTests;
			productReference = CE650A9D18EDEDED005C461A /* CLSLocationManagerTests.xctest */;
			productType = "com.apple.product-type.bundle.unit-test";
		};
/* End PBXNativeTarget section */

/* Begin PBXProject section */
		CE650A7118EDEDEC005C461A /* Project object */ = {
			isa = PBXProject;
			attributes = {
				LastUpgradeCheck = 0510;
				ORGANIZATIONNAME = "Jason Vieira";
				TargetAttributes = {
					CE650A9C18EDEDED005C461A = {
						TestTargetID = CE650A7818EDEDED005C461A;
					};
				};
			};
			buildConfigurationList = CE650A7418EDEDED005C461A /* Build configuration list for PBXProject "CLSLocationManager" */;
			compatibilityVersion = "Xcode 3.2";
			developmentRegion = English;
			hasScannedForEncodings = 0;
			knownRegions = (
				en,
				Base,
			);
			mainGroup = CE650A7018EDEDEC005C461A;
			productRefGroup = CE650A7A18EDEDED005C461A /* Products */;
			projectDirPath = "";
			projectRoot = "";
			targets = (
				CE650A7818EDEDED005C461A /* CLSLocationManager */,
				CE650A9C18EDEDED005C461A /* CLSLocationManagerTests */,
			);
		};
/* End PBXProject section */

/* Begin PBXResourcesBuildPhase section */
		CE650A7718EDEDED005C461A /* Resources */ = {
			isa = PBXResourcesBuildPhase;
			buildActionMask = 2147483647;
			files = (
				CE650A9318EDEDED005C461A /* Main_iPad.storyboard in Resources */,
				CE650A9818EDEDED005C461A /* Images.xcassets in Resources */,
				CE650A9018EDEDED005C461A /* Main_iPhone.storyboard in Resources */,
				CE650A8718EDEDED005C461A /* InfoPlist.strings in Resources */,
			);
			runOnlyForDeploymentPostprocessing = 0;
		};
		CE650A9B18EDEDED005C461A /* Resources */ = {
			isa = PBXResourcesBuildPhase;
			buildActionMask = 2147483647;
			files = (
				CE650AA918EDEDED005C461A /* InfoPlist.strings in Resources */,
			);
			runOnlyForDeploymentPostprocessing = 0;
		};
/* End PBXResourcesBuildPhase section */

/* Begin PBXSourcesBuildPhase section */
		CE650A7518EDEDED005C461A /* Sources */ = {
			isa = PBXSourcesBuildPhase;
			buildActionMask = 2147483647;
			files = (
				CE650A9618EDEDED005C461A /* ViewController.m in Sources */,
				CE650A8D18EDEDED005C461A /* AppDelegate.m in Sources */,
				CE650A8918EDEDED005C461A /* main.m in Sources */,
			);
			runOnlyForDeploymentPostprocessing = 0;
		};
		CE650A9918EDEDED005C461A /* Sources */ = {
			isa = PBXSourcesBuildPhase;
			buildActionMask = 2147483647;
			files = (
				CE650AAB18EDEDED005C461A /* CLSLocationManagerTests.m in Sources */,
			);
			runOnlyForDeploymentPostprocessing = 0;
		};
/* End PBXSourcesBuildPhase section */

/* Begin PBXTargetDependency section */
		CE650AA318EDEDED005C461A /* PBXTargetDependency */ = {
			isa = PBXTargetDependency;
			target = CE650A7818EDEDED005C461A /* CLSLocationManager */;
			targetProxy = CE650AA218EDEDED005C461A /* PBXContainerItemProxy */;
		};
/* End PBXTargetDependency section */

/* Begin PBXVariantGroup section */
		CE650A8518EDEDED005C461A /* InfoPlist.strings */ = {
			isa = PBXVariantGroup;
			children = (
				CE650A8618EDEDED005C461A /* en */,
			);
			name = InfoPlist.strings;
			sourceTree = "<group>";
		};
		CE650A8E18EDEDED005C461A /* Main_iPhone.storyboard */ = {
			isa = PBXVariantGroup;
			children = (
				CE650A8F18EDEDED005C461A /* Base */,
			);
			name = Main_iPhone.storyboard;
			sourceTree = "<group>";
		};
		CE650A9118EDEDED005C461A /* Main_iPad.storyboard */ = {
			isa = PBXVariantGroup;
			children = (
				CE650A9218EDEDED005C461A /* Base */,
			);
			name = Main_iPad.storyboard;
			sourceTree = "<group>";
		};
		CE650AA718EDEDED005C461A /* InfoPlist.strings */ = {
			isa = PBXVariantGroup;
			children = (
				CE650AA818EDEDED005C461A /* en */,
			);
			name = InfoPlist.strings;
			sourceTree = "<group>";
		};
/* End PBXVariantGroup section */

/* Begin XCBuildConfiguration section */
		CE650AAC18EDEDED005C461A /* Debug */ = {
			isa = XCBuildConfiguration;
			buildSettings = {
				ALWAYS_SEARCH_USER_PATHS = NO;
				CLANG_CXX_LANGUAGE_STANDARD = "gnu++0x";
				CLANG_CXX_LIBRARY = "libc++";
				CLANG_ENABLE_MODULES = YES;
				CLANG_ENABLE_OBJC_ARC = YES;
				CLANG_WARN_BOOL_CONVERSION = YES;
				CLANG_WARN_CONSTANT_CONVERSION = YES;
				CLANG_WARN_DIRECT_OBJC_ISA_USAGE = YES_ERROR;
				CLANG_WARN_EMPTY_BODY = YES;
				CLANG_WARN_ENUM_CONVERSION = YES;
				CLANG_WARN_INT_CONVERSION = YES;
				CLANG_WARN_OBJC_ROOT_CLASS = YES_ERROR;
				CLANG_WARN__DUPLICATE_METHOD_MATCH = YES;
				"CODE_SIGN_IDENTITY[sdk=iphoneos*]" = "iPhone Developer";
				COPY_PHASE_STRIP = NO;
				GCC_C_LANGUAGE_STANDARD = gnu99;
				GCC_DYNAMIC_NO_PIC = NO;
				GCC_OPTIMIZATION_LEVEL = 0;
				GCC_PREPROCESSOR_DEFINITIONS = (
					"DEBUG=1",
					"$(inherited)",
				);
				GCC_SYMBOLS_PRIVATE_EXTERN = NO;
				GCC_WARN_64_TO_32_BIT_CONVERSION = YES;
				GCC_WARN_ABOUT_RETURN_TYPE = YES_ERROR;
				GCC_WARN_UNDECLARED_SELECTOR = YES;
				GCC_WARN_UNINITIALIZED_AUTOS = YES_AGGRESSIVE;
				GCC_WARN_UNUSED_FUNCTION = YES;
				GCC_WARN_UNUSED_VARIABLE = YES;
				IPHONEOS_DEPLOYMENT_TARGET = 7.1;
				ONLY_ACTIVE_ARCH = YES;
				SDKROOT = iphoneos;
				TARGETED_DEVICE_FAMILY = "1,2";
			};
			name = Debug;
		};
		CE650AAD18EDEDED005C461A /* Release */ = {
			isa = XCBuildConfiguration;
			buildSettings = {
				ALWAYS_SEARCH_USER_PATHS = NO;
				CLANG_CXX_LANGUAGE_STANDARD = "gnu++0x";
				CLANG_CXX_LIBRARY = "libc++";
				CLANG_ENABLE_MODULES = YES;
				CLANG_ENABLE_OBJC_ARC = YES;
				CLANG_WARN_BOOL_CONVERSION = YES;
				CLANG_WARN_CONSTANT_CONVERSION = YES;
				CLANG_WARN_DIRECT_OBJC_ISA_USAGE = YES_ERROR;
				CLANG_WARN_EMPTY_BODY = YES;
				CLANG_WARN_ENUM_CONVERSION = YES;
				CLANG_WARN_INT_CONVERSION = YES;
				CLANG_WARN_OBJC_ROOT_CLASS = YES_ERROR;
				CLANG_WARN__DUPLICATE_METHOD_MATCH = YES;
				"CODE_SIGN_IDENTITY[sdk=iphoneos*]" = "iPhone Developer";
				COPY_PHASE_STRIP = YES;
				ENABLE_NS_ASSERTIONS = NO;
				GCC_C_LANGUAGE_STANDARD = gnu99;
				GCC_WARN_64_TO_32_BIT_CONVERSION = YES;
				GCC_WARN_ABOUT_RETURN_TYPE = YES_ERROR;
				GCC_WARN_UNDECLARED_SELECTOR = YES;
				GCC_WARN_UNINITIALIZED_AUTOS = YES_AGGRESSIVE;
				GCC_WARN_UNUSED_FUNCTION = YES;
				GCC_WARN_UNUSED_VARIABLE = YES;
				IPHONEOS_DEPLOYMENT_TARGET = 7.1;
				SDKROOT = iphoneos;
				TARGETED_DEVICE_FAMILY = "1,2";
				VALIDATE_PRODUCT = YES;
			};
			name = Release;
		};
		CE650AAF18EDEDEE005C461A /* Debug */ = {
			isa = XCBuildConfiguration;
			buildSettings = {
				ASSETCATALOG_COMPILER_APPICON_NAME = AppIcon;
				ASSETCATALOG_COMPILER_LAUNCHIMAGE_NAME = LaunchImage;
				GCC_PRECOMPILE_PREFIX_HEADER = YES;
				GCC_PREFIX_HEADER = "CLSLocationManager/CLSLocationManager-Prefix.pch";
				INFOPLIST_FILE = "CLSLocationManager/CLSLocationManager-Info.plist";
				PRODUCT_NAME = "$(TARGET_NAME)";
				WRAPPER_EXTENSION = app;
			};
			name = Debug;
		};
		CE650AB018EDEDEE005C461A /* Release */ = {
			isa = XCBuildConfiguration;
			buildSettings = {
				ASSETCATALOG_COMPILER_APPICON_NAME = AppIcon;
				ASSETCATALOG_COMPILER_LAUNCHIMAGE_NAME = LaunchImage;
				GCC_PRECOMPILE_PREFIX_HEADER = YES;
				GCC_PREFIX_HEADER = "CLSLocationManager/CLSLocationManager-Prefix.pch";
				INFOPLIST_FILE = "CLSLocationManager/CLSLocationManager-Info.plist";
				PRODUCT_NAME = "$(TARGET_NAME)";
				WRAPPER_EXTENSION = app;
			};
			name = Release;
		};
		CE650AB218EDEDEE005C461A /* Debug */ = {
			isa = XCBuildConfiguration;
			buildSettings = {
				BUNDLE_LOADER = "$(BUILT_PRODUCTS_DIR)/CLSLocationManager.app/CLSLocationManager";
				FRAMEWORK_SEARCH_PATHS = (
					"$(SDKROOT)/Developer/Library/Frameworks",
					"$(inherited)",
					"$(DEVELOPER_FRAMEWORKS_DIR)",
				);
				GCC_PRECOMPILE_PREFIX_HEADER = YES;
				GCC_PREFIX_HEADER = "CLSLocationManager/CLSLocationManager-Prefix.pch";
				GCC_PREPROCESSOR_DEFINITIONS = (
					"DEBUG=1",
					"$(inherited)",
				);
				INFOPLIST_FILE = "CLSLocationManagerTests/CLSLocationManagerTests-Info.plist";
				PRODUCT_NAME = "$(TARGET_NAME)";
				TEST_HOST = "$(BUNDLE_LOADER)";
				WRAPPER_EXTENSION = xctest;
			};
			name = Debug;
		};
		CE650AB318EDEDEE005C461A /* Release */ = {
			isa = XCBuildConfiguration;
			buildSettings = {
				BUNDLE_LOADER = "$(BUILT_PRODUCTS_DIR)/CLSLocationManager.app/CLSLocationManager";
				FRAMEWORK_SEARCH_PATHS = (
					"$(SDKROOT)/Developer/Library/Frameworks",
					"$(inherited)",
					"$(DEVELOPER_FRAMEWORKS_DIR)",
				);
				GCC_PRECOMPILE_PREFIX_HEADER = YES;
				GCC_PREFIX_HEADER = "CLSLocationManager/CLSLocationManager-Prefix.pch";
				INFOPLIST_FILE = "CLSLocationManagerTests/CLSLocationManagerTests-Info.plist";
				PRODUCT_NAME = "$(TARGET_NAME)";
				TEST_HOST = "$(BUNDLE_LOADER)";
				WRAPPER_EXTENSION = xctest;
			};
			name = Release;
		};
/* End XCBuildConfiguration section */

/* Begin XCConfigurationList section */
		CE650A7418EDEDED005C461A /* Build configuration list for PBXProject "CLSLocationManager" */ = {
			isa = XCConfigurationList;
			buildConfigurations = (
				CE650AAC18EDEDED005C461A /* Debug */,
				CE650AAD18EDEDED005C461A /* Release */,
			);
			defaultConfigurationIsVisible = 0;
			defaultConfigurationName = Release;
		};
		CE650AAE18EDEDEE005C461A /* Build configuration list for PBXNativeTarget "CLSLocationManager" */ = {
			isa = XCConfigurationList;
			buildConfigurations = (
				CE650AAF18EDEDEE005C461A /* Debug */,
				CE650AB018EDEDEE005C461A /* Release */,
			);
			defaultConfigurationIsVisible = 0;
		};
		CE650AB118EDEDEE005C461A /* Build configuration list for PBXNativeTarget "CLSLocationManagerTests" */ = {
			isa = XCConfigurationList;
			buildConfigurations = (
				CE650AB218EDEDEE005C461A /* Debug */,
				CE650AB318EDEDEE005C461A /* Release */,
			);
			defaultConfigurationIsVisible = 0;
		};
/* End XCConfigurationList section */
	};
	rootObject = CE650A7118EDEDEC005C461A /* Project object */;
}
